
Microsoft Visual Studio Solution File, Format Version 12.00
# Visual Studio Version 17
VisualStudioVersion = 17.0.31903.59
MinimumVisualStudioVersion = 10.0.40219.1
Project("{FAE04EC0-301F-11D3-BF4B-00C04F79EFBC}") = "InventoryLibrary", "InventoryLibrary\InventoryLibrary.csproj", "{2156109D-4B7C-4210-80D7-7200D1D01549}"
EndProject
Project("{FAE04EC0-301F-11D3-BF4B-00C04F79EFBC}") = "BaseClass.Test", "BaseClass.Test\BaseClass.Test.csproj", "{6AA80531-BA7C-4744-813D-CE6F26E72D6C}"
EndProject
Project("{FAE04EC0-301F-11D3-BF4B-00C04F79EFBC}") = "InventoryManager", "InventoryManager\InventoryManager.csproj", "{3EF8326C-E81B-438A-BC02-564B292FB0E0}"
EndProject
Project("{FAE04EC0-301F-11D3-BF4B-00C04F79EFBC}") = "Test", "Test\Test.csproj", "{30A359AD-BF25-4CA5-9ED1-8A3E5FD0CA43}"
EndProject
Global
	GlobalSection(SolutionConfigurationPlatforms) = preSolution
		Debug|Any CPU = Debug|Any CPU
		Release|Any CPU = Release|Any CPU
	EndGlobalSection
	GlobalSection(SolutionProperties) = preSolution
		HideSolutionNode = FALSE
	EndGlobalSection
	GlobalSection(ProjectConfigurationPlatforms) = postSolution
		{2156109D-4B7C-4210-80D7-7200D1D01549}.Debug|Any CPU.ActiveCfg = Debug|Any CPU
		{2156109D-4B7C-4210-80D7-7200D1D01549}.Debug|Any CPU.Build.0 = Debug|Any CPU
		{2156109D-4B7C-4210-80D7-7200D1D01549}.Release|Any CPU.ActiveCfg = Release|Any CPU
		{2156109D-4B7C-4210-80D7-7200D1D01549}.Release|Any CPU.Build.0 = Release|Any CPU
		{6AA80531-BA7C-4744-813D-CE6F26E72D6C}.Debug|Any CPU.ActiveCfg = Debug|Any CPU
		{6AA80531-BA7C-4744-813D-CE6F26E72D6C}.Debug|Any CPU.Build.0 = Debug|Any CPU
		{6AA80531-BA7C-4744-813D-CE6F26E72D6C}.Release|Any CPU.ActiveCfg = Release|Any CPU
		{6AA80531-BA7C-4744-813D-CE6F26E72D6C}.Release|Any CPU.Build.0 = Release|Any CPU
		{3EF8326C-E81B-438A-BC02-564B292FB0E0}.Debug|Any CPU.ActiveCfg = Debug|Any CPU
		{3EF8326C-E81B-438A-BC02-564B292FB0E0}.Debug|Any CPU.Build.0 = Debug|Any CPU
		{3EF8326C-E81B-438A-BC02-564B292FB0E0}.Release|Any CPU.ActiveCfg = Release|Any CPU
		{3EF8326C-E81B-438A-BC02-564B292FB0E0}.Release|Any CPU.Build.0 = Release|Any CPU
		{30A359AD-BF25-4CA5-9ED1-8A3E5FD0CA43}.Debug|Any CPU.ActiveCfg = Debug|Any CPU
		{30A359AD-BF25-4CA5-9ED1-8A3E5FD0CA43}.Debug|Any CPU.Build.0 = Debug|Any CPU
		{30A359AD-BF25-4CA5-9ED1-8A3E5FD0CA43}.Release|Any CPU.ActiveCfg = Release|Any CPU
		{30A359AD-BF25-4CA5-9ED1-8A3E5FD0CA43}.Release|Any CPU.Build.0 = Release|Any CPU
	EndGlobalSection
EndGlobal
